
Microsoft Visual Studio Solution File, Format Version 12.00
# Visual Studio Version 17
VisualStudioVersion = 17.3.32825.248
MinimumVisualStudioVersion = 10.0.40219.1
Project("{9A19103F-16F7-4668-BE54-9A1E7A4F7556}") = "pocketseller.core", "pocketseller.core\pocketseller.core.csproj", "{45D77EC9-F4EF-41F7-8BA7-6B5A214DBB34}"
EndProject
Project("{FAE04EC0-301F-11D3-BF4B-00C04F79EFBC}") = "pocketseller.droid", "pocketseller.droid\pocketseller.droid.csproj", "{DBC2163A-3476-4CEA-86C6-D139206BD0E3}"
EndProject
Project("{9A19103F-16F7-4668-BE54-9A1E7A4F7556}") = "Acr.UserDialogs", "Acr.UserDialogs\Acr.UserDialogs.csproj", "{8DE820E5-AD43-419E-B36F-1E88F5C79B16}"
EndProject
Project("{9A19103F-16F7-4668-BE54-9A1E7A4F7556}") = "RestSharp", "..\..\github\RestSharp\src\RestSharp\RestSharp.csproj", "{ECE27C07-C9BE-4DA3-8F12-1FF226086784}"
EndProject
Global
	GlobalSection(SolutionConfigurationPlatforms) = preSolution
		Debug|Any CPU = Debug|Any CPU
		Release|Any CPU = Release|Any CPU
	EndGlobalSection
	GlobalSection(ProjectConfigurationPlatforms) = postSolution
		{45D77EC9-F4EF-41F7-8BA7-6B5A214DBB34}.Debug|Any CPU.ActiveCfg = Debug|Any CPU
		{45D77EC9-F4EF-41F7-8BA7-6B5A214DBB34}.Debug|Any CPU.Build.0 = Debug|Any CPU
		{45D77EC9-F4EF-41F7-8BA7-6B5A214DBB34}.Release|Any CPU.ActiveCfg = Release|Any CPU
		{45D77EC9-F4EF-41F7-8BA7-6B5A214DBB34}.Release|Any CPU.Build.0 = Release|Any CPU
		{DBC2163A-3476-4CEA-86C6-D139206BD0E3}.Debug|Any CPU.ActiveCfg = Debug|Any CPU
		{DBC2163A-3476-4CEA-86C6-D139206BD0E3}.Debug|Any CPU.Build.0 = Debug|Any CPU
		{DBC2163A-3476-4CEA-86C6-D139206BD0E3}.Debug|Any CPU.Deploy.0 = Debug|Any CPU
		{DBC2163A-3476-4CEA-86C6-D139206BD0E3}.Release|Any CPU.ActiveCfg = Release|Any CPU
		{DBC2163A-3476-4CEA-86C6-D139206BD0E3}.Release|Any CPU.Build.0 = Release|Any CPU
		{DBC2163A-3476-4CEA-86C6-D139206BD0E3}.Release|Any CPU.Deploy.0 = Release|Any CPU
		{8DE820E5-AD43-419E-B36F-1E88F5C79B16}.Debug|Any CPU.ActiveCfg = Debug|Any CPU
		{8DE820E5-AD43-419E-B36F-1E88F5C79B16}.Debug|Any CPU.Build.0 = Debug|Any CPU
		{8DE820E5-AD43-419E-B36F-1E88F5C79B16}.Release|Any CPU.ActiveCfg = Release|Any CPU
		{8DE820E5-AD43-419E-B36F-1E88F5C79B16}.Release|Any CPU.Build.0 = Release|Any CPU
		{ECE27C07-C9BE-4DA3-8F12-1FF226086784}.Debug|Any CPU.ActiveCfg = Debug|Any CPU
		{ECE27C07-C9BE-4DA3-8F12-1FF226086784}.Debug|Any CPU.Build.0 = Debug|Any CPU
		{ECE27C07-C9BE-4DA3-8F12-1FF226086784}.Release|Any CPU.ActiveCfg = Release|Any CPU
		{ECE27C07-C9BE-4DA3-8F12-1FF226086784}.Release|Any CPU.Build.0 = Release|Any CPU
	EndGlobalSection
	GlobalSection(SolutionProperties) = preSolution
		HideSolutionNode = FALSE
	EndGlobalSection
	GlobalSection(ExtensibilityGlobals) = postSolution
		SolutionGuid = {C6955E78-420A-448B-9856-D9AC0B5B9340}
	EndGlobalSection
EndGlobal
